// !$*UTF8*$!
{
	archiveVersion = 1;
	classes = {
	};
	objectVersion = 56;
	objects = {

/* Begin PBXBuildFile section */
		FE02674A2B28A22F00F5C31D /* Plot1.png in Resources */ = {isa = PBXBuildFile; fileRef = FE02672C2B28A22B00F5C31D /* Plot1.png */; };
		FE02674B2B28A22F00F5C31D /* Nineteen.png in Resources */ = {isa = PBXBuildFile; fileRef = FE02672D2B28A22B00F5C31D /* Nineteen.png */; };
		FE02674C2B28A22F00F5C31D /* Nine.png in Resources */ = {isa = PBXBuildFile; fileRef = FE02672E2B28A22C00F5C31D /* Nine.png */; };
		FE02674D2B28A22F00F5C31D /* Two.png in Resources */ = {isa = PBXBuildFile; fileRef = FE02672F2B28A22C00F5C31D /* Two.png */; };
		FE02674E2B28A22F00F5C31D /* hieroglyphics_(Right).png in Resources */ = {isa = PBXBuildFile; fileRef = FE0267302B28A22C00F5C31D /* hieroglyphics_(Right).png */; };
		FE02674F2B28A22F00F5C31D /* hieroglyphics_(Left).png in Resources */ = {isa = PBXBuildFile; fileRef = FE0267312B28A22C00F5C31D /* hieroglyphics_(Left).png */; };
		FE0267502B28A22F00F5C31D /* Seventeen.png in Resources */ = {isa = PBXBuildFile; fileRef = FE0267322B28A22C00F5C31D /* Seventeen.png */; };
		FE0267512B28A22F00F5C31D /* Eight.png in Resources */ = {isa = PBXBuildFile; fileRef = FE0267332B28A22C00F5C31D /* Eight.png */; };
		FE0267522B28A22F00F5C31D /* Twenty.png in Resources */ = {isa = PBXBuildFile; fileRef = FE0267342B28A22C00F5C31D /* Twenty.png */; };
		FE0267532B28A22F00F5C31D /* Eleven.png in Resources */ = {isa = PBXBuildFile; fileRef = FE0267352B28A22C00F5C31D /* Eleven.png */; };
		FE0267542B28A22F00F5C31D /* Fithteen.png in Resources */ = {isa = PBXBuildFile; fileRef = FE0267362B28A22D00F5C31D /* Fithteen.png */; };
		FE0267552B28A22F00F5C31D /* Fourteen.png in Resources */ = {isa = PBXBuildFile; fileRef = FE0267372B28A22D00F5C31D /* Fourteen.png */; };
		FE0267562B28A22F00F5C31D /* Twenty-Two.png in Resources */ = {isa = PBXBuildFile; fileRef = FE0267382B28A22D00F5C31D /* Twenty-Two.png */; };
		FE0267572B28A22F00F5C31D /* Sixteen.png in Resources */ = {isa = PBXBuildFile; fileRef = FE0267392B28A22D00F5C31D /* Sixteen.png */; };
		FE0267582B28A22F00F5C31D /* Ten.png in Resources */ = {isa = PBXBuildFile; fileRef = FE02673A2B28A22D00F5C31D /* Ten.png */; };
		FE0267592B28A22F00F5C31D /* Five.png in Resources */ = {isa = PBXBuildFile; fileRef = FE02673B2B28A22D00F5C31D /* Five.png */; };
		FE02675A2B28A22F00F5C31D /* One.png in Resources */ = {isa = PBXBuildFile; fileRef = FE02673C2B28A22D00F5C31D /* One.png */; };
		FE02675B2B28A22F00F5C31D /* Thirteen.png in Resources */ = {isa = PBXBuildFile; fileRef = FE02673D2B28A22D00F5C31D /* Thirteen.png */; };
		FE02675C2B28A22F00F5C31D /* Twenty-Five.png in Resources */ = {isa = PBXBuildFile; fileRef = FE02673E2B28A22D00F5C31D /* Twenty-Five.png */; };
		FE02675D2B28A22F00F5C31D /* Twenty-One.png in Resources */ = {isa = PBXBuildFile; fileRef = FE02673F2B28A22E00F5C31D /* Twenty-One.png */; };
		FE02675E2B28A22F00F5C31D /* Three.png in Resources */ = {isa = PBXBuildFile; fileRef = FE0267402B28A22E00F5C31D /* Three.png */; };
		FE02675F2B28A22F00F5C31D /* Six.png in Resources */ = {isa = PBXBuildFile; fileRef = FE0267412B28A22E00F5C31D /* Six.png */; };
		FE0267602B28A22F00F5C31D /* Twelve.png in Resources */ = {isa = PBXBuildFile; fileRef = FE0267422B28A22E00F5C31D /* Twelve.png */; };
		FE0267612B28A22F00F5C31D /* Four.png in Resources */ = {isa = PBXBuildFile; fileRef = FE0267432B28A22E00F5C31D /* Four.png */; };
		FE0267622B28A22F00F5C31D /* Seven.png in Resources */ = {isa = PBXBuildFile; fileRef = FE0267442B28A22E00F5C31D /* Seven.png */; };
		FE0267632B28A22F00F5C31D /* Title-Screen-Art.png in Resources */ = {isa = PBXBuildFile; fileRef = FE0267452B28A22E00F5C31D /* Title-Screen-Art.png */; };
		FE0267642B28A22F00F5C31D /* Eighteen.png in Resources */ = {isa = PBXBuildFile; fileRef = FE0267462B28A22E00F5C31D /* Eighteen.png */; };
		FE0267652B28A22F00F5C31D /* Twenty-Four.png in Resources */ = {isa = PBXBuildFile; fileRef = FE0267472B28A22F00F5C31D /* Twenty-Four.png */; };
		FE0267662B28A22F00F5C31D /* Plot2.png in Resources */ = {isa = PBXBuildFile; fileRef = FE0267482B28A22F00F5C31D /* Plot2.png */; };
		FE0267672B28A22F00F5C31D /* Splash_Screen_V7.png in Resources */ = {isa = PBXBuildFile; fileRef = FE0267492B28A22F00F5C31D /* Splash_Screen_V7.png */; };
		FE0267692B28A42E00F5C31D /* Icon.png in Resources */ = {isa = PBXBuildFile; fileRef = FE0267682B28A42E00F5C31D /* Icon.png */; };
		FE02676B2B28AB1800F5C31D /* Plot1View.swift in Sources */ = {isa = PBXBuildFile; fileRef = FE02676A2B28AB1800F5C31D /* Plot1View.swift */; };
		FE02676D2B28B9A300F5C31D /* Plot2View.swift in Sources */ = {isa = PBXBuildFile; fileRef = FE02676C2B28B9A300F5C31D /* Plot2View.swift */; };
		FE02676F2B28BA1900F5C31D /* Page1View.swift in Sources */ = {isa = PBXBuildFile; fileRef = FE02676E2B28BA1900F5C31D /* Page1View.swift */; };
		FE0267712B28BAFB00F5C31D /* Page2View.swift in Sources */ = {isa = PBXBuildFile; fileRef = FE0267702B28BAFB00F5C31D /* Page2View.swift */; };
		FE0267732B28BB8100F5C31D /* Page3View.swift in Sources */ = {isa = PBXBuildFile; fileRef = FE0267722B28BB8100F5C31D /* Page3View.swift */; };
		FE0267752B28BC1700F5C31D /* Page4View.swift in Sources */ = {isa = PBXBuildFile; fileRef = FE0267742B28BC1700F5C31D /* Page4View.swift */; };
		FE0267772B28BC9400F5C31D /* Page5View.swift in Sources */ = {isa = PBXBuildFile; fileRef = FE0267762B28BC9400F5C31D /* Page5View.swift */; };
		FE0267792B28BD0500F5C31D /* Page6View.swift in Sources */ = {isa = PBXBuildFile; fileRef = FE0267782B28BD0500F5C31D /* Page6View.swift */; };
		FE02677B2B28BD9700F5C31D /* Page7View.swift in Sources */ = {isa = PBXBuildFile; fileRef = FE02677A2B28BD9700F5C31D /* Page7View.swift */; };
		FE02677D2B28BE0100F5C31D /* Page8View.swift in Sources */ = {isa = PBXBuildFile; fileRef = FE02677C2B28BE0100F5C31D /* Page8View.swift */; };
		FE02677F2B28BE9500F5C31D /* Page9View.swift in Sources */ = {isa = PBXBuildFile; fileRef = FE02677E2B28BE9500F5C31D /* Page9View.swift */; };
		FE0267812B28BF0400F5C31D /* Page10View.swift in Sources */ = {isa = PBXBuildFile; fileRef = FE0267802B28BF0400F5C31D /* Page10View.swift */; };
		FE0267832B28BFEE00F5C31D /* Page11View.swift in Sources */ = {isa = PBXBuildFile; fileRef = FE0267822B28BFEE00F5C31D /* Page11View.swift */; };
		FE0267852B28C05400F5C31D /* Page12View.swift in Sources */ = {isa = PBXBuildFile; fileRef = FE0267842B28C05400F5C31D /* Page12View.swift */; };
		FE0267872B28C13E00F5C31D /* Page13View.swift in Sources */ = {isa = PBXBuildFile; fileRef = FE0267862B28C13E00F5C31D /* Page13View.swift */; };
		FE0267892B28C1C200F5C31D /* Page14View.swift in Sources */ = {isa = PBXBuildFile; fileRef = FE0267882B28C1C200F5C31D /* Page14View.swift */; };
		FE02678B2B28C22000F5C31D /* Page15View.swift in Sources */ = {isa = PBXBuildFile; fileRef = FE02678A2B28C22000F5C31D /* Page15View.swift */; };
		FE02678D2B28C26D00F5C31D /* Page16View.swift in Sources */ = {isa = PBXBuildFile; fileRef = FE02678C2B28C26D00F5C31D /* Page16View.swift */; };
		FE02678F2B28C31100F5C31D /* Page17View.swift in Sources */ = {isa = PBXBuildFile; fileRef = FE02678E2B28C31100F5C31D /* Page17View.swift */; };
		FE0267912B28C3A100F5C31D /* Page18View.swift in Sources */ = {isa = PBXBuildFile; fileRef = FE0267902B28C3A100F5C31D /* Page18View.swift */; };
		FE0267932B28C46700F5C31D /* Page19View.swift in Sources */ = {isa = PBXBuildFile; fileRef = FE0267922B28C46700F5C31D /* Page19View.swift */; };
		FE0267952B28C60800F5C31D /* Page20View.swift in Sources */ = {isa = PBXBuildFile; fileRef = FE0267942B28C60800F5C31D /* Page20View.swift */; };
		FE0267972B28C66700F5C31D /* Page21View.swift in Sources */ = {isa = PBXBuildFile; fileRef = FE0267962B28C66700F5C31D /* Page21View.swift */; };
		FE0267992B28C6F500F5C31D /* Page22View.swift in Sources */ = {isa = PBXBuildFile; fileRef = FE0267982B28C6F500F5C31D /* Page22View.swift */; };
		FE02679B2B28C74200F5C31D /* Page24View.swift in Sources */ = {isa = PBXBuildFile; fileRef = FE02679A2B28C74200F5C31D /* Page24View.swift */; };
		FE02679D2B28C77A00F5C31D /* Page25View.swift in Sources */ = {isa = PBXBuildFile; fileRef = FE02679C2B28C77A00F5C31D /* Page25View.swift */; };
		FE0504AD2B289A4F0015CAFB /* ContentView.swift in Sources */ = {isa = PBXBuildFile; fileRef = FE0504AC2B289A4F0015CAFB /* ContentView.swift */; };
		FE0504AF2B289A510015CAFB /* Assets.xcassets in Resources */ = {isa = PBXBuildFile; fileRef = FE0504AE2B289A510015CAFB /* Assets.xcassets */; };
		FE0504B22B289A510015CAFB /* Preview Assets.xcassets in Resources */ = {isa = PBXBuildFile; fileRef = FE0504B12B289A510015CAFB /* Preview Assets.xcassets */; };
		FE38B2192B289DD8004B8919 /* TalesApp.swift in Sources */ = {isa = PBXBuildFile; fileRef = FE38B2182B289DD8004B8919 /* TalesApp.swift */; };
		FE9990012B289A4F0015CAFB /* StoryStyle.swift in Sources */ = {isa = PBXBuildFile; fileRef = FE9990002B289A4F0015CAFB /* StoryStyle.swift */; };
		FE9990032B289A4F0015CAFB /* AppNavigationState.swift in Sources */ = {isa = PBXBuildFile; fileRef = FE9990022B289A4F0015CAFB /* AppNavigationState.swift */; };
		FE9990052B289A4F0015CAFB /* AdventureResetButtons.swift in Sources */ = {isa = PBXBuildFile; fileRef = FE9990042B289A4F0015CAFB /* AdventureResetButtons.swift */; };
		FEA000112B300001000001 /* AppTheme.swift in Sources */ = {isa = PBXBuildFile; fileRef = FEA000012B300001000001 /* AppTheme.swift */; };
		FEA000122B300001000001 /* ChoiceButton.swift in Sources */ = {isa = PBXBuildFile; fileRef = FEA000022B300001000001 /* ChoiceButton.swift */; };
		FEA000132B300001000001 /* MenuButton.swift in Sources */ = {isa = PBXBuildFile; fileRef = FEA000032B300001000001 /* MenuButton.swift */; };
		FEA000142B300001000001 /* StoryPageLayout.swift in Sources */ = {isa = PBXBuildFile; fileRef = FEA000042B300001000001 /* StoryPageLayout.swift */; };
		FEA200002B300001000001 /* StoryEffects.swift in Sources */ = {isa = PBXBuildFile; fileRef = FEA100002B300001000001 /* StoryEffects.swift */; };
		FEA200012B300001000001 /* StoryTransitionContainer.swift in Sources */ = {isa = PBXBuildFile; fileRef = FEA100012B300001000001 /* StoryTransitionContainer.swift */; };
		FEA200022B300001000001 /* TypewriterText.swift in Sources */ = {isa = PBXBuildFile; fileRef = FEA100022B300001000001 /* TypewriterText.swift */; };
		FEA200052B300001000001 /* GameOptions.swift in Sources */ = {isa = PBXBuildFile; fileRef = FEA100052B300001000001 /* GameOptions.swift */; };
		FEA200062B300001000001 /* StoryNavigationButton.swift in Sources */ = {isa = PBXBuildFile; fileRef = FEA100062B300001000001 /* StoryNavigationButton.swift */; };
		FEA200072B300001000001 /* StoryOutcome.swift in Sources */ = {isa = PBXBuildFile; fileRef = FEA100072B300001000001 /* StoryOutcome.swift */; };
		FEA200082B300001000001 /* ChoiceButtonStyle.swift in Sources */ = {isa = PBXBuildFile; fileRef = FEA100082B300001000001 /* ChoiceButtonStyle.swift */; };
		FEA200092B300001000001 /* OptionsView.swift in Sources */ = {isa = PBXBuildFile; fileRef = FEA100092B300001000001 /* OptionsView.swift */; };
		B1824177266DD974EF00E800 /* TrialOfAnubisViews.swift in Sources */ = {isa = PBXBuildFile; fileRef = A1824177266DD974EF00E800 /* TrialOfAnubisViews.swift */; };
		B14570B320E741DB2DB39B00 /* TrialOfAnubisCore.swift in Sources */ = {isa = PBXBuildFile; fileRef = A14570B320E741DB2DB39B00 /* TrialOfAnubisCore.swift */; };
		B1A0E832B393A984BEF6AD00 /* AnubisLostSoulEndingView.swift in Sources */ = {isa = PBXBuildFile; fileRef = A1A0E832B393A984BEF6AD00 /* AnubisLostSoulEndingView.swift */; };
		B14217BD313FD7BBE178A000 /* AnubisAmmitEndingView.swift in Sources */ = {isa = PBXBuildFile; fileRef = A14217BD313FD7BBE178A000 /* AnubisAmmitEndingView.swift */; };
		B13326785564B05098192700 /* AnubisTricksterEndingView.swift in Sources */ = {isa = PBXBuildFile; fileRef = A13326785564B05098192700 /* AnubisTricksterEndingView.swift */; };
		B17100459C41B5C5D6BF3300 /* AnubisTrueEndingView.swift in Sources */ = {isa = PBXBuildFile; fileRef = A17100459C41B5C5D6BF3300 /* AnubisTrueEndingView.swift */; };
		B12C0CE4E0CE6D4F08E19600 /* AnubisRebelEndingView.swift in Sources */ = {isa = PBXBuildFile; fileRef = A12C0CE4E0CE6D4F08E19600 /* AnubisRebelEndingView.swift */; };
		B148C40DFD1223F25B202600 /* TrialOfAnubisEndingView.swift in Sources */ = {isa = PBXBuildFile; fileRef = A148C40DFD1223F25B202600 /* TrialOfAnubisEndingView.swift */; };
		B17836BBFF6130BAB6C38F00 /* TrialOfAnubisStoryContent.swift in Sources */ = {isa = PBXBuildFile; fileRef = A17836BBFF6130BAB6C38F00 /* TrialOfAnubisStoryContent.swift */; };
		B1ABCDEF0000000000000001 /* TrialOfAnubisChoiceButton.swift in Sources */ = {isa = PBXBuildFile; fileRef = A1ABCDEF0000000000000001 /* TrialOfAnubisChoiceButton.swift */; };
		B183A1257817B13F883FB800 /* ANU024View.swift in Sources */ = {isa = PBXBuildFile; fileRef = A183A1257817B13F883FB800 /* ANU024View.swift */; };
		B17A0C70E127F6A1BEC43000 /* ANU025View.swift in Sources */ = {isa = PBXBuildFile; fileRef = A17A0C70E127F6A1BEC43000 /* ANU025View.swift */; };
		B1D230FD27800D461B77F600 /* ANU027View.swift in Sources */ = {isa = PBXBuildFile; fileRef = A1D230FD27800D461B77F600 /* ANU027View.swift */; };
		B1C395A876DDABB9138A2500 /* ANU028View.swift in Sources */ = {isa = PBXBuildFile; fileRef = A1C395A876DDABB9138A2500 /* ANU028View.swift */; };
		B1AB3F831B509856354F0A00 /* ANU026View.swift in Sources */ = {isa = PBXBuildFile; fileRef = A1AB3F831B509856354F0A00 /* ANU026View.swift */; };
		B14D2781E7380414E29CBA00 /* ANU005View.swift in Sources */ = {isa = PBXBuildFile; fileRef = A14D2781E7380414E29CBA00 /* ANU005View.swift */; };
		B1D16286808150D02BE0FC00 /* ANU001View.swift in Sources */ = {isa = PBXBuildFile; fileRef = A1D16286808150D02BE0FC00 /* ANU001View.swift */; };
		B13B7B41435336BAF4404200 /* ANU007View.swift in Sources */ = {isa = PBXBuildFile; fileRef = A13B7B41435336BAF4404200 /* ANU007View.swift */; };
		B1D3FE75688C31B014C88400 /* ANU003View.swift in Sources */ = {isa = PBXBuildFile; fileRef = A1D3FE75688C31B014C88400 /* ANU003View.swift */; };
		B1B941D7C08A3A7D79D42200 /* ANU002View.swift in Sources */ = {isa = PBXBuildFile; fileRef = A1B941D7C08A3A7D79D42200 /* ANU002View.swift */; };
		B1D41510D1A1A1341132CA00 /* ANU006View.swift in Sources */ = {isa = PBXBuildFile; fileRef = A1D41510D1A1A1341132CA00 /* ANU006View.swift */; };
		B1E53337821B1AC0C538C700 /* ANU004View.swift in Sources */ = {isa = PBXBuildFile; fileRef = A1E53337821B1AC0C538C700 /* ANU004View.swift */; };
		B1A4CEBD303287BE806FA300 /* ANU014View.swift in Sources */ = {isa = PBXBuildFile; fileRef = A1A4CEBD303287BE806FA300 /* ANU014View.swift */; };
		B1C89FDD10DDC58305917B00 /* ANU015View.swift in Sources */ = {isa = PBXBuildFile; fileRef = A1C89FDD10DDC58305917B00 /* ANU015View.swift */; };
		B1BE25A8C384F0C6B10DCE00 /* ANU013View.swift in Sources */ = {isa = PBXBuildFile; fileRef = A1BE25A8C384F0C6B10DCE00 /* ANU013View.swift */; };
		B1A6436AD02E0ED45CF4F000 /* ANU010View.swift in Sources */ = {isa = PBXBuildFile; fileRef = A1A6436AD02E0ED45CF4F000 /* ANU010View.swift */; };
		B137DEFC4E30F41DDC1D3A00 /* ANU008View.swift in Sources */ = {isa = PBXBuildFile; fileRef = A137DEFC4E30F41DDC1D3A00 /* ANU008View.swift */; };
		B12A193F8BD5922234C9DE00 /* ANU011View.swift in Sources */ = {isa = PBXBuildFile; fileRef = A12A193F8BD5922234C9DE00 /* ANU011View.swift */; };
		B18852C7847BF11A22979500 /* ANU009View.swift in Sources */ = {isa = PBXBuildFile; fileRef = A18852C7847BF11A22979500 /* ANU009View.swift */; };
		B13FD006794D24587661E900 /* ANU012View.swift in Sources */ = {isa = PBXBuildFile; fileRef = A13FD006794D24587661E900 /* ANU012View.swift */; };
		B136E995151F770B4E500E00 /* ANU016View.swift in Sources */ = {isa = PBXBuildFile; fileRef = A136E995151F770B4E500E00 /* ANU016View.swift */; };
		B1A56281D953304985984F00 /* ANU022View.swift in Sources */ = {isa = PBXBuildFile; fileRef = A1A56281D953304985984F00 /* ANU022View.swift */; };
		B1F19E29C2020FADAAE05500 /* ANU018View.swift in Sources */ = {isa = PBXBuildFile; fileRef = A1F19E29C2020FADAAE05500 /* ANU018View.swift */; };
		B1A723CDB9D08DEFBD797400 /* ANU021View.swift in Sources */ = {isa = PBXBuildFile; fileRef = A1A723CDB9D08DEFBD797400 /* ANU021View.swift */; };
		B194C7CB2E9EAF9976413900 /* ANU023View.swift in Sources */ = {isa = PBXBuildFile; fileRef = A194C7CB2E9EAF9976413900 /* ANU023View.swift */; };
		B190456D9F21D1F161B3FA00 /* ANU017View.swift in Sources */ = {isa = PBXBuildFile; fileRef = A190456D9F21D1F161B3FA00 /* ANU017View.swift */; };
		B18233DF43AA004A5A97A300 /* ANU020View.swift in Sources */ = {isa = PBXBuildFile; fileRef = A18233DF43AA004A5A97A300 /* ANU020View.swift */; };
		B1C9D29AAAB6E35F7CA86800 /* ANU019View.swift in Sources */ = {isa = PBXBuildFile; fileRef = A1C9D29AAAB6E35F7CA86800 /* ANU019View.swift */; };
		C0A200000000000000000000 /* ANU001.png in Resources */ = {isa = PBXBuildFile; fileRef = C0A100000000000000000000 /* ANU001.png */; };
		C0A200000000000000000001 /* ANU002.png in Resources */ = {isa = PBXBuildFile; fileRef = C0A100000000000000000001 /* ANU002.png */; };
		C0A200000000000000000002 /* ANU003.png in Resources */ = {isa = PBXBuildFile; fileRef = C0A100000000000000000002 /* ANU003.png */; };
		C0A200000000000000000003 /* ANU004.png in Resources */ = {isa = PBXBuildFile; fileRef = C0A100000000000000000003 /* ANU004.png */; };
		C0A200000000000000000004 /* ANU005.png in Resources */ = {isa = PBXBuildFile; fileRef = C0A100000000000000000004 /* ANU005.png */; };
		C0A200000000000000000005 /* ANU006.png in Resources */ = {isa = PBXBuildFile; fileRef = C0A100000000000000000005 /* ANU006.png */; };
		C0A200000000000000000006 /* ANU007.png in Resources */ = {isa = PBXBuildFile; fileRef = C0A100000000000000000006 /* ANU007.png */; };
		C0A200000000000000000007 /* ANU008.png in Resources */ = {isa = PBXBuildFile; fileRef = C0A100000000000000000007 /* ANU008.png */; };
		C0A200000000000000000008 /* ANU009.png in Resources */ = {isa = PBXBuildFile; fileRef = C0A100000000000000000008 /* ANU009.png */; };
		C0A200000000000000000009 /* ANU010.png in Resources */ = {isa = PBXBuildFile; fileRef = C0A100000000000000000009 /* ANU010.png */; };
		C0A20000000000000000000A /* ANU011.png in Resources */ = {isa = PBXBuildFile; fileRef = C0A10000000000000000000A /* ANU011.png */; };
		C0A20000000000000000000B /* ANU012.png in Resources */ = {isa = PBXBuildFile; fileRef = C0A10000000000000000000B /* ANU012.png */; };
		C0A20000000000000000000C /* ANU013.png in Resources */ = {isa = PBXBuildFile; fileRef = C0A10000000000000000000C /* ANU013.png */; };
		C0A20000000000000000000D /* ANU014.png in Resources */ = {isa = PBXBuildFile; fileRef = C0A10000000000000000000D /* ANU014.png */; };
		C0A20000000000000000000E /* ANU015.png in Resources */ = {isa = PBXBuildFile; fileRef = C0A10000000000000000000E /* ANU015.png */; };
		C0A20000000000000000000F /* ANU016.png in Resources */ = {isa = PBXBuildFile; fileRef = C0A10000000000000000000F /* ANU016.png */; };
		C0A200000000000000000010 /* ANU017.png in Resources */ = {isa = PBXBuildFile; fileRef = C0A100000000000000000010 /* ANU017.png */; };
		C0A200000000000000000011 /* ANU018.png in Resources */ = {isa = PBXBuildFile; fileRef = C0A100000000000000000011 /* ANU018.png */; };
		C0A200000000000000000012 /* ANU019.png in Resources */ = {isa = PBXBuildFile; fileRef = C0A100000000000000000012 /* ANU019.png */; };
		C0A200000000000000000013 /* ANU020.png in Resources */ = {isa = PBXBuildFile; fileRef = C0A100000000000000000013 /* ANU020.png */; };
		C0A200000000000000000014 /* ANU021.png in Resources */ = {isa = PBXBuildFile; fileRef = C0A100000000000000000014 /* ANU021.png */; };
		C0A200000000000000000015 /* ANU022.png in Resources */ = {isa = PBXBuildFile; fileRef = C0A100000000000000000015 /* ANU022.png */; };
		C0A200000000000000000016 /* ANU023.png in Resources */ = {isa = PBXBuildFile; fileRef = C0A100000000000000000016 /* ANU023.png */; };
		C0A200000000000000000017 /* ANU024.png in Resources */ = {isa = PBXBuildFile; fileRef = C0A100000000000000000017 /* ANU024.png */; };
		C0A200000000000000000018 /* ANU025.png in Resources */ = {isa = PBXBuildFile; fileRef = C0A100000000000000000018 /* ANU025.png */; };
		C0A200000000000000000019 /* ANU026.png in Resources */ = {isa = PBXBuildFile; fileRef = C0A100000000000000000019 /* ANU026.png */; };
		C0A20000000000000000001A /* ANU027.png in Resources */ = {isa = PBXBuildFile; fileRef = C0A10000000000000000001A /* ANU027.png */; };
		C0A20000000000000000001B /* ANU-Title-Screen-Art.png in Resources */ = {isa = PBXBuildFile; fileRef = C0A10000000000000000001B /* ANU-Title-Screen-Art.png */; };
/* End PBXBuildFile section */

/* Begin PBXFileReference section */
		FE02672C2B28A22B00F5C31D /* Plot1.png */ = {isa = PBXFileReference; lastKnownFileType = image.png; path = Plot1.png; sourceTree = "<group>"; };
		FE02672D2B28A22B00F5C31D /* Nineteen.png */ = {isa = PBXFileReference; lastKnownFileType = image.png; path = Nineteen.png; sourceTree = "<group>"; };
		FE02672E2B28A22C00F5C31D /* Nine.png */ = {isa = PBXFileReference; lastKnownFileType = image.png; path = Nine.png; sourceTree = "<group>"; };
		FE02672F2B28A22C00F5C31D /* Two.png */ = {isa = PBXFileReference; lastKnownFileType = image.png; path = Two.png; sourceTree = "<group>"; };
		FE0267302B28A22C00F5C31D /* hieroglyphics_(Right).png */ = {isa = PBXFileReference; lastKnownFileType = image.png; path = "hieroglyphics_(Right).png"; sourceTree = "<group>"; };
		FE0267312B28A22C00F5C31D /* hieroglyphics_(Left).png */ = {isa = PBXFileReference; lastKnownFileType = image.png; path = "hieroglyphics_(Left).png"; sourceTree = "<group>"; };
		FE0267322B28A22C00F5C31D /* Seventeen.png */ = {isa = PBXFileReference; lastKnownFileType = image.png; path = Seventeen.png; sourceTree = "<group>"; };
		FE0267332B28A22C00F5C31D /* Eight.png */ = {isa = PBXFileReference; lastKnownFileType = image.png; path = Eight.png; sourceTree = "<group>"; };
		FE0267342B28A22C00F5C31D /* Twenty.png */ = {isa = PBXFileReference; lastKnownFileType = image.png; path = Twenty.png; sourceTree = "<group>"; };
		FE0267352B28A22C00F5C31D /* Eleven.png */ = {isa = PBXFileReference; lastKnownFileType = image.png; path = Eleven.png; sourceTree = "<group>"; };
		FE0267362B28A22D00F5C31D /* Fithteen.png */ = {isa = PBXFileReference; lastKnownFileType = image.png; path = Fithteen.png; sourceTree = "<group>"; };
		FE0267372B28A22D00F5C31D /* Fourteen.png */ = {isa = PBXFileReference; lastKnownFileType = image.png; path = Fourteen.png; sourceTree = "<group>"; };
		FE0267382B28A22D00F5C31D /* Twenty-Two.png */ = {isa = PBXFileReference; lastKnownFileType = image.png; path = "Twenty-Two.png"; sourceTree = "<group>"; };
		FE0267392B28A22D00F5C31D /* Sixteen.png */ = {isa = PBXFileReference; lastKnownFileType = image.png; path = Sixteen.png; sourceTree = "<group>"; };
		FE02673A2B28A22D00F5C31D /* Ten.png */ = {isa = PBXFileReference; lastKnownFileType = image.png; path = Ten.png; sourceTree = "<group>"; };
		FE02673B2B28A22D00F5C31D /* Five.png */ = {isa = PBXFileReference; lastKnownFileType = image.png; path = Five.png; sourceTree = "<group>"; };
		FE02673C2B28A22D00F5C31D /* One.png */ = {isa = PBXFileReference; lastKnownFileType = image.png; path = One.png; sourceTree = "<group>"; };
		FE02673D2B28A22D00F5C31D /* Thirteen.png */ = {isa = PBXFileReference; lastKnownFileType = image.png; path = Thirteen.png; sourceTree = "<group>"; };
		FE02673E2B28A22D00F5C31D /* Twenty-Five.png */ = {isa = PBXFileReference; lastKnownFileType = image.png; path = "Twenty-Five.png"; sourceTree = "<group>"; };
		FE02673F2B28A22E00F5C31D /* Twenty-One.png */ = {isa = PBXFileReference; lastKnownFileType = image.png; path = "Twenty-One.png"; sourceTree = "<group>"; };
		FE0267402B28A22E00F5C31D /* Three.png */ = {isa = PBXFileReference; lastKnownFileType = image.png; path = Three.png; sourceTree = "<group>"; };
		FE0267412B28A22E00F5C31D /* Six.png */ = {isa = PBXFileReference; lastKnownFileType = image.png; path = Six.png; sourceTree = "<group>"; };
		FE0267422B28A22E00F5C31D /* Twelve.png */ = {isa = PBXFileReference; lastKnownFileType = image.png; path = Twelve.png; sourceTree = "<group>"; };
		FE0267432B28A22E00F5C31D /* Four.png */ = {isa = PBXFileReference; lastKnownFileType = image.png; path = Four.png; sourceTree = "<group>"; };
		FE0267442B28A22E00F5C31D /* Seven.png */ = {isa = PBXFileReference; lastKnownFileType = image.png; path = Seven.png; sourceTree = "<group>"; };
		FE0267452B28A22E00F5C31D /* Title-Screen-Art.png */ = {isa = PBXFileReference; lastKnownFileType = image.png; path = "Title-Screen-Art.png"; sourceTree = "<group>"; };
		FE0267462B28A22E00F5C31D /* Eighteen.png */ = {isa = PBXFileReference; lastKnownFileType = image.png; path = Eighteen.png; sourceTree = "<group>"; };
		FE0267472B28A22F00F5C31D /* Twenty-Four.png */ = {isa = PBXFileReference; lastKnownFileType = image.png; path = "Twenty-Four.png"; sourceTree = "<group>"; };
		FE0267482B28A22F00F5C31D /* Plot2.png */ = {isa = PBXFileReference; lastKnownFileType = image.png; path = Plot2.png; sourceTree = "<group>"; };
		FE0267492B28A22F00F5C31D /* Splash_Screen_V7.png */ = {isa = PBXFileReference; lastKnownFileType = image.png; path = Splash_Screen_V7.png; sourceTree = "<group>"; };
		FE0267682B28A42E00F5C31D /* Icon.png */ = {isa = PBXFileReference; lastKnownFileType = image.png; path = Icon.png; sourceTree = "<group>"; };
		FE02676A2B28AB1800F5C31D /* Plot1View.swift */ = {isa = PBXFileReference; lastKnownFileType = sourcecode.swift; path = Plot1View.swift; sourceTree = "<group>"; };
		FE02676C2B28B9A300F5C31D /* Plot2View.swift */ = {isa = PBXFileReference; lastKnownFileType = sourcecode.swift; path = Plot2View.swift; sourceTree = "<group>"; };
		FE02676E2B28BA1900F5C31D /* Page1View.swift */ = {isa = PBXFileReference; lastKnownFileType = sourcecode.swift; path = Page1View.swift; sourceTree = "<group>"; };
		FE0267702B28BAFB00F5C31D /* Page2View.swift */ = {isa = PBXFileReference; lastKnownFileType = sourcecode.swift; path = Page2View.swift; sourceTree = "<group>"; };
		FE0267722B28BB8100F5C31D /* Page3View.swift */ = {isa = PBXFileReference; lastKnownFileType = sourcecode.swift; path = Page3View.swift; sourceTree = "<group>"; };
		FE0267742B28BC1700F5C31D /* Page4View.swift */ = {isa = PBXFileReference; lastKnownFileType = sourcecode.swift; path = Page4View.swift; sourceTree = "<group>"; };
		FE0267762B28BC9400F5C31D /* Page5View.swift */ = {isa = PBXFileReference; lastKnownFileType = sourcecode.swift; path = Page5View.swift; sourceTree = "<group>"; };
		FE0267782B28BD0500F5C31D /* Page6View.swift */ = {isa = PBXFileReference; lastKnownFileType = sourcecode.swift; path = Page6View.swift; sourceTree = "<group>"; };
		FE02677A2B28BD9700F5C31D /* Page7View.swift */ = {isa = PBXFileReference; lastKnownFileType = sourcecode.swift; path = Page7View.swift; sourceTree = "<group>"; };
		FE02677C2B28BE0100F5C31D /* Page8View.swift */ = {isa = PBXFileReference; lastKnownFileType = sourcecode.swift; path = Page8View.swift; sourceTree = "<group>"; };
		FE02677E2B28BE9500F5C31D /* Page9View.swift */ = {isa = PBXFileReference; lastKnownFileType = sourcecode.swift; path = Page9View.swift; sourceTree = "<group>"; };
		FE0267802B28BF0400F5C31D /* Page10View.swift */ = {isa = PBXFileReference; lastKnownFileType = sourcecode.swift; path = Page10View.swift; sourceTree = "<group>"; };
		FE0267822B28BFEE00F5C31D /* Page11View.swift */ = {isa = PBXFileReference; lastKnownFileType = sourcecode.swift; path = Page11View.swift; sourceTree = "<group>"; };
		FE0267842B28C05400F5C31D /* Page12View.swift */ = {isa = PBXFileReference; lastKnownFileType = sourcecode.swift; path = Page12View.swift; sourceTree = "<group>"; };
		FE0267862B28C13E00F5C31D /* Page13View.swift */ = {isa = PBXFileReference; lastKnownFileType = sourcecode.swift; path = Page13View.swift; sourceTree = "<group>"; };
		FE0267882B28C1C200F5C31D /* Page14View.swift */ = {isa = PBXFileReference; lastKnownFileType = sourcecode.swift; path = Page14View.swift; sourceTree = "<group>"; };
		FE02678A2B28C22000F5C31D /* Page15View.swift */ = {isa = PBXFileReference; lastKnownFileType = sourcecode.swift; path = Page15View.swift; sourceTree = "<group>"; };
		FE02678C2B28C26D00F5C31D /* Page16View.swift */ = {isa = PBXFileReference; lastKnownFileType = sourcecode.swift; path = Page16View.swift; sourceTree = "<group>"; };
		FE02678E2B28C31100F5C31D /* Page17View.swift */ = {isa = PBXFileReference; lastKnownFileType = sourcecode.swift; path = Page17View.swift; sourceTree = "<group>"; };
		FE0267902B28C3A100F5C31D /* Page18View.swift */ = {isa = PBXFileReference; lastKnownFileType = sourcecode.swift; path = Page18View.swift; sourceTree = "<group>"; };
		FE0267922B28C46700F5C31D /* Page19View.swift */ = {isa = PBXFileReference; lastKnownFileType = sourcecode.swift; path = Page19View.swift; sourceTree = "<group>"; };
		FE0267942B28C60800F5C31D /* Page20View.swift */ = {isa = PBXFileReference; lastKnownFileType = sourcecode.swift; path = Page20View.swift; sourceTree = "<group>"; };
		FE0267962B28C66700F5C31D /* Page21View.swift */ = {isa = PBXFileReference; lastKnownFileType = sourcecode.swift; path = Page21View.swift; sourceTree = "<group>"; };
		FE0267982B28C6F500F5C31D /* Page22View.swift */ = {isa = PBXFileReference; lastKnownFileType = sourcecode.swift; path = Page22View.swift; sourceTree = "<group>"; };
		FE02679A2B28C74200F5C31D /* Page24View.swift */ = {isa = PBXFileReference; lastKnownFileType = sourcecode.swift; path = Page24View.swift; sourceTree = "<group>"; };
		FE02679C2B28C77A00F5C31D /* Page25View.swift */ = {isa = PBXFileReference; lastKnownFileType = sourcecode.swift; path = Page25View.swift; sourceTree = "<group>"; };
		FE0504A72B289A4F0015CAFB /* Tales.app */ = {isa = PBXFileReference; explicitFileType = wrapper.application; includeInIndex = 0; path = Tales.app; sourceTree = BUILT_PRODUCTS_DIR; };
		FE0504AC2B289A4F0015CAFB /* ContentView.swift */ = {isa = PBXFileReference; lastKnownFileType = sourcecode.swift; path = ContentView.swift; sourceTree = "<group>"; };
		FE0504AE2B289A510015CAFB /* Assets.xcassets */ = {isa = PBXFileReference; lastKnownFileType = folder.assetcatalog; path = Assets.xcassets; sourceTree = "<group>"; };
		FE0504B12B289A510015CAFB /* Preview Assets.xcassets */ = {isa = PBXFileReference; lastKnownFileType = folder.assetcatalog; path = "Preview Assets.xcassets"; sourceTree = "<group>"; };
		FE38B2182B289DD8004B8919 /* TalesApp.swift */ = {isa = PBXFileReference; fileEncoding = 4; lastKnownFileType = sourcecode.swift; path = TalesApp.swift; sourceTree = "<group>"; };
		FE9990002B289A4F0015CAFB /* StoryStyle.swift */ = {isa = PBXFileReference; lastKnownFileType = sourcecode.swift; path = StoryStyle.swift; sourceTree = "<group>"; };
		FE9990022B289A4F0015CAFB /* AppNavigationState.swift */ = {isa = PBXFileReference; lastKnownFileType = sourcecode.swift; path = AppNavigationState.swift; sourceTree = "<group>"; };
		FE9990042B289A4F0015CAFB /* AdventureResetButtons.swift */ = {isa = PBXFileReference; lastKnownFileType = sourcecode.swift; path = AdventureResetButtons.swift; sourceTree = "<group>"; };
		FEA000012B300001000001 /* AppTheme.swift */ = {isa = PBXFileReference; lastKnownFileType = sourcecode.swift; path = AppTheme.swift; sourceTree = "<group>"; };
		FEA000022B300001000001 /* ChoiceButton.swift */ = {isa = PBXFileReference; lastKnownFileType = sourcecode.swift; path = ChoiceButton.swift; sourceTree = "<group>"; };
		FEA000032B300001000001 /* MenuButton.swift */ = {isa = PBXFileReference; lastKnownFileType = sourcecode.swift; path = MenuButton.swift; sourceTree = "<group>"; };
		FEA000042B300001000001 /* StoryPageLayout.swift */ = {isa = PBXFileReference; lastKnownFileType = sourcecode.swift; path = StoryPageLayout.swift; sourceTree = "<group>"; };
		FEA100002B300001000001 /* StoryEffects.swift */ = {isa = PBXFileReference; lastKnownFileType = sourcecode.swift; path = StoryEffects.swift; sourceTree = "<group>"; };
		FEA100012B300001000001 /* StoryTransitionContainer.swift */ = {isa = PBXFileReference; lastKnownFileType = sourcecode.swift; path = StoryTransitionContainer.swift; sourceTree = "<group>"; };
		FEA100022B300001000001 /* TypewriterText.swift */ = {isa = PBXFileReference; lastKnownFileType = sourcecode.swift; path = TypewriterText.swift; sourceTree = "<group>"; };
		FEA100052B300001000001 /* GameOptions.swift */ = {isa = PBXFileReference; lastKnownFileType = sourcecode.swift; path = GameOptions.swift; sourceTree = "<group>"; };
		FEA100062B300001000001 /* StoryNavigationButton.swift */ = {isa = PBXFileReference; lastKnownFileType = sourcecode.swift; path = StoryNavigationButton.swift; sourceTree = "<group>"; };
		FEA100072B300001000001 /* StoryOutcome.swift */ = {isa = PBXFileReference; lastKnownFileType = sourcecode.swift; path = StoryOutcome.swift; sourceTree = "<group>"; };
		FEA100082B300001000001 /* ChoiceButtonStyle.swift */ = {isa = PBXFileReference; lastKnownFileType = sourcecode.swift; path = ChoiceButtonStyle.swift; sourceTree = "<group>"; };
		FEA100092B300001000001 /* OptionsView.swift */ = {isa = PBXFileReference; lastKnownFileType = sourcecode.swift; path = OptionsView.swift; sourceTree = "<group>"; };
		A1824177266DD974EF00E800 /* TrialOfAnubisViews.swift */ = {isa = PBXFileReference; lastKnownFileType = sourcecode.swift; path = "TrialOfAnubisViews.swift"; sourceTree = "<group>"; };
		A14570B320E741DB2DB39B00 /* TrialOfAnubisCore.swift */ = {isa = PBXFileReference; lastKnownFileType = sourcecode.swift; path = "TrialOfAnubisCore.swift"; sourceTree = "<group>"; };
		A1A0E832B393A984BEF6AD00 /* AnubisLostSoulEndingView.swift */ = {isa = PBXFileReference; lastKnownFileType = sourcecode.swift; path = "AnubisLostSoulEndingView.swift"; sourceTree = "<group>"; };
		A14217BD313FD7BBE178A000 /* AnubisAmmitEndingView.swift */ = {isa = PBXFileReference; lastKnownFileType = sourcecode.swift; path = "AnubisAmmitEndingView.swift"; sourceTree = "<group>"; };
		A13326785564B05098192700 /* AnubisTricksterEndingView.swift */ = {isa = PBXFileReference; lastKnownFileType = sourcecode.swift; path = "AnubisTricksterEndingView.swift"; sourceTree = "<group>"; };
		A17100459C41B5C5D6BF3300 /* AnubisTrueEndingView.swift */ = {isa = PBXFileReference; lastKnownFileType = sourcecode.swift; path = "AnubisTrueEndingView.swift"; sourceTree = "<group>"; };
		A12C0CE4E0CE6D4F08E19600 /* AnubisRebelEndingView.swift */ = {isa = PBXFileReference; lastKnownFileType = sourcecode.swift; path = "AnubisRebelEndingView.swift"; sourceTree = "<group>"; };
		A148C40DFD1223F25B202600 /* TrialOfAnubisEndingView.swift */ = {isa = PBXFileReference; lastKnownFileType = sourcecode.swift; path = "TrialOfAnubisEndingView.swift"; sourceTree = "<group>"; };
		A17836BBFF6130BAB6C38F00 /* TrialOfAnubisStoryContent.swift */ = {isa = PBXFileReference; lastKnownFileType = sourcecode.swift; path = "TrialOfAnubisStoryContent.swift"; sourceTree = "<group>"; };
		A1ABCDEF0000000000000001 /* TrialOfAnubisChoiceButton.swift */ = {isa = PBXFileReference; lastKnownFileType = sourcecode.swift; path = "TrialOfAnubisChoiceButton.swift"; sourceTree = "<group>"; };
		A183A1257817B13F883FB800 /* ANU024View.swift */ = {isa = PBXFileReference; lastKnownFileType = sourcecode.swift; path = "ANU024View.swift"; sourceTree = "<group>"; };
		A17A0C70E127F6A1BEC43000 /* ANU025View.swift */ = {isa = PBXFileReference; lastKnownFileType = sourcecode.swift; path = "ANU025View.swift"; sourceTree = "<group>"; };
		A1D230FD27800D461B77F600 /* ANU027View.swift */ = {isa = PBXFileReference; lastKnownFileType = sourcecode.swift; path = "ANU027View.swift"; sourceTree = "<group>"; };
		A1C395A876DDABB9138A2500 /* ANU028View.swift */ = {isa = PBXFileReference; lastKnownFileType = sourcecode.swift; path = "ANU028View.swift"; sourceTree = "<group>"; };
		A1AB3F831B509856354F0A00 /* ANU026View.swift */ = {isa = PBXFileReference; lastKnownFileType = sourcecode.swift; path = "ANU026View.swift"; sourceTree = "<group>"; };
		A14D2781E7380414E29CBA00 /* ANU005View.swift */ = {isa = PBXFileReference; lastKnownFileType = sourcecode.swift; path = "ANU005View.swift"; sourceTree = "<group>"; };
		A1D16286808150D02BE0FC00 /* ANU001View.swift */ = {isa = PBXFileReference; lastKnownFileType = sourcecode.swift; path = "ANU001View.swift"; sourceTree = "<group>"; };
		A13B7B41435336BAF4404200 /* ANU007View.swift */ = {isa = PBXFileReference; lastKnownFileType = sourcecode.swift; path = "ANU007View.swift"; sourceTree = "<group>"; };
		A1D3FE75688C31B014C88400 /* ANU003View.swift */ = {isa = PBXFileReference; lastKnownFileType = sourcecode.swift; path = "ANU003View.swift"; sourceTree = "<group>"; };
		A1B941D7C08A3A7D79D42200 /* ANU002View.swift */ = {isa = PBXFileReference; lastKnownFileType = sourcecode.swift; path = "ANU002View.swift"; sourceTree = "<group>"; };
		A1D41510D1A1A1341132CA00 /* ANU006View.swift */ = {isa = PBXFileReference; lastKnownFileType = sourcecode.swift; path = "ANU006View.swift"; sourceTree = "<group>"; };
		A1E53337821B1AC0C538C700 /* ANU004View.swift */ = {isa = PBXFileReference; lastKnownFileType = sourcecode.swift; path = "ANU004View.swift"; sourceTree = "<group>"; };
		A1A4CEBD303287BE806FA300 /* ANU014View.swift */ = {isa = PBXFileReference; lastKnownFileType = sourcecode.swift; path = "ANU014View.swift"; sourceTree = "<group>"; };
		A1C89FDD10DDC58305917B00 /* ANU015View.swift */ = {isa = PBXFileReference; lastKnownFileType = sourcecode.swift; path = "ANU015View.swift"; sourceTree = "<group>"; };
		A1BE25A8C384F0C6B10DCE00 /* ANU013View.swift */ = {isa = PBXFileReference; lastKnownFileType = sourcecode.swift; path = "ANU013View.swift"; sourceTree = "<group>"; };
		A1A6436AD02E0ED45CF4F000 /* ANU010View.swift */ = {isa = PBXFileReference; lastKnownFileType = sourcecode.swift; path = "ANU010View.swift"; sourceTree = "<group>"; };
		A137DEFC4E30F41DDC1D3A00 /* ANU008View.swift */ = {isa = PBXFileReference; lastKnownFileType = sourcecode.swift; path = "ANU008View.swift"; sourceTree = "<group>"; };
		A12A193F8BD5922234C9DE00 /* ANU011View.swift */ = {isa = PBXFileReference; lastKnownFileType = sourcecode.swift; path = "ANU011View.swift"; sourceTree = "<group>"; };
		A18852C7847BF11A22979500 /* ANU009View.swift */ = {isa = PBXFileReference; lastKnownFileType = sourcecode.swift; path = "ANU009View.swift"; sourceTree = "<group>"; };
		A13FD006794D24587661E900 /* ANU012View.swift */ = {isa = PBXFileReference; lastKnownFileType = sourcecode.swift; path = "ANU012View.swift"; sourceTree = "<group>"; };
		A136E995151F770B4E500E00 /* ANU016View.swift */ = {isa = PBXFileReference; lastKnownFileType = sourcecode.swift; path = "ANU016View.swift"; sourceTree = "<group>"; };
		A1A56281D953304985984F00 /* ANU022View.swift */ = {isa = PBXFileReference; lastKnownFileType = sourcecode.swift; path = "ANU022View.swift"; sourceTree = "<group>"; };
		A1F19E29C2020FADAAE05500 /* ANU018View.swift */ = {isa = PBXFileReference; lastKnownFileType = sourcecode.swift; path = "ANU018View.swift"; sourceTree = "<group>"; };
		A1A723CDB9D08DEFBD797400 /* ANU021View.swift */ = {isa = PBXFileReference; lastKnownFileType = sourcecode.swift; path = "ANU021View.swift"; sourceTree = "<group>"; };
		A194C7CB2E9EAF9976413900 /* ANU023View.swift */ = {isa = PBXFileReference; lastKnownFileType = sourcecode.swift; path = "ANU023View.swift"; sourceTree = "<group>"; };
		A190456D9F21D1F161B3FA00 /* ANU017View.swift */ = {isa = PBXFileReference; lastKnownFileType = sourcecode.swift; path = "ANU017View.swift"; sourceTree = "<group>"; };
		A18233DF43AA004A5A97A300 /* ANU020View.swift */ = {isa = PBXFileReference; lastKnownFileType = sourcecode.swift; path = "ANU020View.swift"; sourceTree = "<group>"; };
		A1C9D29AAAB6E35F7CA86800 /* ANU019View.swift */ = {isa = PBXFileReference; lastKnownFileType = sourcecode.swift; path = "ANU019View.swift"; sourceTree = "<group>"; };
		C0A100000000000000000000 /* ANU001.png */ = {isa = PBXFileReference; lastKnownFileType = image.png; path = "Images/ANU001.png"; sourceTree = "<group>"; };
		C0A100000000000000000001 /* ANU002.png */ = {isa = PBXFileReference; lastKnownFileType = image.png; path = "Images/ANU002.png"; sourceTree = "<group>"; };
		C0A100000000000000000002 /* ANU003.png */ = {isa = PBXFileReference; lastKnownFileType = image.png; path = "Images/ANU003.png"; sourceTree = "<group>"; };
		C0A100000000000000000003 /* ANU004.png */ = {isa = PBXFileReference; lastKnownFileType = image.png; path = "Images/ANU004.png"; sourceTree = "<group>"; };
		C0A100000000000000000004 /* ANU005.png */ = {isa = PBXFileReference; lastKnownFileType = image.png; path = "Images/ANU005.png"; sourceTree = "<group>"; };
		C0A100000000000000000005 /* ANU006.png */ = {isa = PBXFileReference; lastKnownFileType = image.png; path = "Images/ANU006.png"; sourceTree = "<group>"; };
		C0A100000000000000000006 /* ANU007.png */ = {isa = PBXFileReference; lastKnownFileType = image.png; path = "Images/ANU007.png"; sourceTree = "<group>"; };
		C0A100000000000000000007 /* ANU008.png */ = {isa = PBXFileReference; lastKnownFileType = image.png; path = "Images/ANU008.png"; sourceTree = "<group>"; };
		C0A100000000000000000008 /* ANU009.png */ = {isa = PBXFileReference; lastKnownFileType = image.png; path = "Images/ANU009.png"; sourceTree = "<group>"; };
		C0A100000000000000000009 /* ANU010.png */ = {isa = PBXFileReference; lastKnownFileType = image.png; path = "Images/ANU010.png"; sourceTree = "<group>"; };
		C0A10000000000000000000A /* ANU011.png */ = {isa = PBXFileReference; lastKnownFileType = image.png; path = "Images/ANU011.png"; sourceTree = "<group>"; };
		C0A10000000000000000000B /* ANU012.png */ = {isa = PBXFileReference; lastKnownFileType = image.png; path = "Images/ANU012.png"; sourceTree = "<group>"; };
		C0A10000000000000000000C /* ANU013.png */ = {isa = PBXFileReference; lastKnownFileType = image.png; path = "Images/ANU013.png"; sourceTree = "<group>"; };
		C0A10000000000000000000D /* ANU014.png */ = {isa = PBXFileReference; lastKnownFileType = image.png; path = "Images/ANU014.png"; sourceTree = "<group>"; };
		C0A10000000000000000000E /* ANU015.png */ = {isa = PBXFileReference; lastKnownFileType = image.png; path = "Images/ANU015.png"; sourceTree = "<group>"; };
		C0A10000000000000000000F /* ANU016.png */ = {isa = PBXFileReference; lastKnownFileType = image.png; path = "Images/ANU016.png"; sourceTree = "<group>"; };
		C0A100000000000000000010 /* ANU017.png */ = {isa = PBXFileReference; lastKnownFileType = image.png; path = "Images/ANU017.png"; sourceTree = "<group>"; };
		C0A100000000000000000011 /* ANU018.png */ = {isa = PBXFileReference; lastKnownFileType = image.png; path = "Images/ANU018.png"; sourceTree = "<group>"; };
		C0A100000000000000000012 /* ANU019.png */ = {isa = PBXFileReference; lastKnownFileType = image.png; path = "Images/ANU019.png"; sourceTree = "<group>"; };
		C0A100000000000000000013 /* ANU020.png */ = {isa = PBXFileReference; lastKnownFileType = image.png; path = "Images/ANU020.png"; sourceTree = "<group>"; };
		C0A100000000000000000014 /* ANU021.png */ = {isa = PBXFileReference; lastKnownFileType = image.png; path = "Images/ANU021.png"; sourceTree = "<group>"; };
		C0A100000000000000000015 /* ANU022.png */ = {isa = PBXFileReference; lastKnownFileType = image.png; path = "Images/ANU022.png"; sourceTree = "<group>"; };
		C0A100000000000000000016 /* ANU023.png */ = {isa = PBXFileReference; lastKnownFileType = image.png; path = "Images/ANU023.png"; sourceTree = "<group>"; };
		C0A100000000000000000017 /* ANU024.png */ = {isa = PBXFileReference; lastKnownFileType = image.png; path = "Images/ANU024.png"; sourceTree = "<group>"; };
		C0A100000000000000000018 /* ANU025.png */ = {isa = PBXFileReference; lastKnownFileType = image.png; path = "Images/ANU025.png"; sourceTree = "<group>"; };
		C0A100000000000000000019 /* ANU026.png */ = {isa = PBXFileReference; lastKnownFileType = image.png; path = "Images/ANU026.png"; sourceTree = "<group>"; };
		C0A10000000000000000001A /* ANU027.png */ = {isa = PBXFileReference; lastKnownFileType = image.png; path = "Images/ANU027.png"; sourceTree = "<group>"; };
		C0A10000000000000000001B /* ANU-Title-Screen-Art.png */ = {isa = PBXFileReference; lastKnownFileType = image.png; path = "Images/ANU-Title-Screen-Art.png"; sourceTree = "<group>"; };
/* End PBXFileReference section */

/* Begin PBXFrameworksBuildPhase section */
		FE0504A42B289A4F0015CAFB /* Frameworks */ = {
			isa = PBXFrameworksBuildPhase;
			buildActionMask = 2147483647;
			files = (
			);
			runOnlyForDeploymentPostprocessing = 0;
		};
/* End PBXFrameworksBuildPhase section */

/* Begin PBXGroup section */
		02BD8B5B3009B2B400608F10 /* Tales From the Sphinx */ = {
			isa = PBXGroup;
			children = (
				FE02672B2B28A1B000F5C31D /* Images */,
				FE38B2182B289DD8004B8919 /* TalesApp.swift */,
				FE0504AC2B289A4F0015CAFB /* ContentView.swift */,
				FE9990002B289A4F0015CAFB /* StoryStyle.swift */,
				FE9990022B289A4F0015CAFB /* AppNavigationState.swift */,
				FE9990042B289A4F0015CAFB /* AdventureResetButtons.swift */,
				FEA000012B300001000001 /* AppTheme.swift */,
				FEA000022B300001000001 /* ChoiceButton.swift */,
				FEA000032B300001000001 /* MenuButton.swift */,
				FEA000042B300001000001 /* StoryPageLayout.swift */,
				FEA100002B300001000001 /* StoryEffects.swift */,
				FEA100012B300001000001 /* StoryTransitionContainer.swift */,
				FEA100022B300001000001 /* TypewriterText.swift */,
				FEA100052B300001000001 /* GameOptions.swift */,
				FEA100092B300001000001 /* OptionsView.swift */,
				FEA100072B300001000001 /* StoryOutcome.swift */,
				FEA100082B300001000001 /* ChoiceButtonStyle.swift */,
				FEA100062B300001000001 /* StoryNavigationButton.swift */,
				FE02676A2B28AB1800F5C31D /* Plot1View.swift */,
				FE02676C2B28B9A300F5C31D /* Plot2View.swift */,
				FE02676E2B28BA1900F5C31D /* Page1View.swift */,
				FE0267702B28BAFB00F5C31D /* Page2View.swift */,
				FE0267722B28BB8100F5C31D /* Page3View.swift */,
				FE0267742B28BC1700F5C31D /* Page4View.swift */,
				FE0267762B28BC9400F5C31D /* Page5View.swift */,
				FE0267782B28BD0500F5C31D /* Page6View.swift */,
				FE02677A2B28BD9700F5C31D /* Page7View.swift */,
				FE02677C2B28BE0100F5C31D /* Page8View.swift */,
				FE02677E2B28BE9500F5C31D /* Page9View.swift */,
				FE0267802B28BF0400F5C31D /* Page10View.swift */,
				FE0267822B28BFEE00F5C31D /* Page11View.swift */,
				FE0267842B28C05400F5C31D /* Page12View.swift */,
				FE0267862B28C13E00F5C31D /* Page13View.swift */,
				FE0267882B28C1C200F5C31D /* Page14View.swift */,
				FE02678A2B28C22000F5C31D /* Page15View.swift */,
				FE02678C2B28C26D00F5C31D /* Page16View.swift */,
				FE02678E2B28C31100F5C31D /* Page17View.swift */,
				FE0267902B28C3A100F5C31D /* Page18View.swift */,
				FE0267922B28C46700F5C31D /* Page19View.swift */,
				FE0267942B28C60800F5C31D /* Page20View.swift */,
				FE0267962B28C66700F5C31D /* Page21View.swift */,
				FE0267982B28C6F500F5C31D /* Page22View.swift */,
				FE02679A2B28C74200F5C31D /* Page24View.swift */,
				FE02679C2B28C77A00F5C31D /* Page25View.swift */,
			);
			path = "Tales From the Sphinx";
			sourceTree = "<group>";
		};
		FE02672B2B28A1B000F5C31D /* Images */ = {
			isa = PBXGroup;
			children = (
				FE0267682B28A42E00F5C31D /* Icon.png */,
				FE0267332B28A22C00F5C31D /* Eight.png */,
				FE0267462B28A22E00F5C31D /* Eighteen.png */,
				FE0267352B28A22C00F5C31D /* Eleven.png */,
				FE0267362B28A22D00F5C31D /* Fithteen.png */,
				FE02673B2B28A22D00F5C31D /* Five.png */,
				FE0267432B28A22E00F5C31D /* Four.png */,
				FE0267372B28A22D00F5C31D /* Fourteen.png */,
				FE0267312B28A22C00F5C31D /* hieroglyphics_(Left).png */,
				FE0267302B28A22C00F5C31D /* hieroglyphics_(Right).png */,
				FE02672E2B28A22C00F5C31D /* Nine.png */,
				FE02672D2B28A22B00F5C31D /* Nineteen.png */,
				FE02673C2B28A22D00F5C31D /* One.png */,
				FE02672C2B28A22B00F5C31D /* Plot1.png */,
				FE0267482B28A22F00F5C31D /* Plot2.png */,
				FE0267442B28A22E00F5C31D /* Seven.png */,
				FE0267322B28A22C00F5C31D /* Seventeen.png */,
				FE0267412B28A22E00F5C31D /* Six.png */,
				FE0267392B28A22D00F5C31D /* Sixteen.png */,
				FE0267492B28A22F00F5C31D /* Splash_Screen_V7.png */,
				FE02673A2B28A22D00F5C31D /* Ten.png */,
				FE02673D2B28A22D00F5C31D /* Thirteen.png */,
				FE0267402B28A22E00F5C31D /* Three.png */,
				FE0267452B28A22E00F5C31D /* Title-Screen-Art.png */,
				FE0267422B28A22E00F5C31D /* Twelve.png */,
				FE02673E2B28A22D00F5C31D /* Twenty-Five.png */,
				FE0267472B28A22F00F5C31D /* Twenty-Four.png */,
				FE02673F2B28A22E00F5C31D /* Twenty-One.png */,
				FE0267382B28A22D00F5C31D /* Twenty-Two.png */,
				FE0267342B28A22C00F5C31D /* Twenty.png */,
				FE02672F2B28A22C00F5C31D /* Two.png */,
			);
			path = Images;
			sourceTree = "<group>";
		};
		FE05049E2B289A4F0015CAFB = {
			isa = PBXGroup;
			children = (
				FE0504A92B289A4F0015CAFB /* Tales */,
				FE0504A82B289A4F0015CAFB /* Products */,
			);
			sourceTree = "<group>";
		};
		FE0504A82B289A4F0015CAFB /* Products */ = {
			isa = PBXGroup;
			children = (
				FE0504A72B289A4F0015CAFB /* Tales.app */,
			);
			name = Products;
			sourceTree = "<group>";
		};
		FE0504A92B289A4F0015CAFB /* Tales */ = {
			isa = PBXGroup;
			children = (
				02BD8B5B3009B2B400608F10 /* Tales From the Sphinx */,
				A1ANUBISGROUP0000000001 /* The Trial of Anubis */,
				FE0504AE2B289A510015CAFB /* Assets.xcassets */,
				FE0504B02B289A510015CAFB /* Preview Content */,
			);
			path = Tales;
			sourceTree = "<group>";
		};
		FE0504B02B289A510015CAFB /* Preview Content */ = {
			isa = PBXGroup;
			children = (
				FE0504B12B289A510015CAFB /* Preview Assets.xcassets */,
			);
			path = "Preview Content";
			sourceTree = "<group>";
		};
		A1ANUBISGROUP0000000001 /* The Trial of Anubis */ = {
			isa = PBXGroup;
			children = (
				C0A100000000000000000000 /* ANU001.png */,
				C0A100000000000000000001 /* ANU002.png */,
				C0A100000000000000000002 /* ANU003.png */,
				C0A100000000000000000003 /* ANU004.png */,
				C0A100000000000000000004 /* ANU005.png */,
				C0A100000000000000000005 /* ANU006.png */,
				C0A100000000000000000006 /* ANU007.png */,
				C0A100000000000000000007 /* ANU008.png */,
				C0A100000000000000000008 /* ANU009.png */,
				C0A100000000000000000009 /* ANU010.png */,
				C0A10000000000000000000A /* ANU011.png */,
				C0A10000000000000000000B /* ANU012.png */,
				C0A10000000000000000000C /* ANU013.png */,
				C0A10000000000000000000D /* ANU014.png */,
				C0A10000000000000000000E /* ANU015.png */,
				C0A10000000000000000000F /* ANU016.png */,
				C0A100000000000000000010 /* ANU017.png */,
				C0A100000000000000000011 /* ANU018.png */,
				C0A100000000000000000012 /* ANU019.png */,
				C0A100000000000000000013 /* ANU020.png */,
				C0A100000000000000000014 /* ANU021.png */,
				C0A100000000000000000015 /* ANU022.png */,
				C0A100000000000000000016 /* ANU023.png */,
				C0A100000000000000000017 /* ANU024.png */,
				C0A100000000000000000018 /* ANU025.png */,
				C0A100000000000000000019 /* ANU026.png */,
				C0A10000000000000000001A /* ANU027.png */,
				C0A10000000000000000001B /* ANU-Title-Screen-Art.png */,
				A1824177266DD974EF00E800 /* TrialOfAnubisViews.swift */,
				A14570B320E741DB2DB39B00 /* TrialOfAnubisCore.swift */,
				A1A0E832B393A984BEF6AD00 /* AnubisLostSoulEndingView.swift */,
				A14217BD313FD7BBE178A000 /* AnubisAmmitEndingView.swift */,
				A13326785564B05098192700 /* AnubisTricksterEndingView.swift */,
				A17100459C41B5C5D6BF3300 /* AnubisTrueEndingView.swift */,
				A12C0CE4E0CE6D4F08E19600 /* AnubisRebelEndingView.swift */,
				A148C40DFD1223F25B202600 /* TrialOfAnubisEndingView.swift */,
				A17836BBFF6130BAB6C38F00 /* TrialOfAnubisStoryContent.swift */,
				A1ABCDEF0000000000000001 /* TrialOfAnubisChoiceButton.swift */,
				A183A1257817B13F883FB800 /* ANU024View.swift */,
				A17A0C70E127F6A1BEC43000 /* ANU025View.swift */,
				A1D230FD27800D461B77F600 /* ANU027View.swift */,
				A1C395A876DDABB9138A2500 /* ANU028View.swift */,
				A1AB3F831B509856354F0A00 /* ANU026View.swift */,
				A14D2781E7380414E29CBA00 /* ANU005View.swift */,
				A1D16286808150D02BE0FC00 /* ANU001View.swift */,
				A13B7B41435336BAF4404200 /* ANU007View.swift */,
				A1D3FE75688C31B014C88400 /* ANU003View.swift */,
				A1B941D7C08A3A7D79D42200 /* ANU002View.swift */,
				A1D41510D1A1A1341132CA00 /* ANU006View.swift */,
				A1E53337821B1AC0C538C700 /* ANU004View.swift */,
				A1A4CEBD303287BE806FA300 /* ANU014View.swift */,
				A1C89FDD10DDC58305917B00 /* ANU015View.swift */,
				A1BE25A8C384F0C6B10DCE00 /* ANU013View.swift */,
				A1A6436AD02E0ED45CF4F000 /* ANU010View.swift */,
				A137DEFC4E30F41DDC1D3A00 /* ANU008View.swift */,
				A12A193F8BD5922234C9DE00 /* ANU011View.swift */,
				A18852C7847BF11A22979500 /* ANU009View.swift */,
				A13FD006794D24587661E900 /* ANU012View.swift */,
				A136E995151F770B4E500E00 /* ANU016View.swift */,
				A1A56281D953304985984F00 /* ANU022View.swift */,
				A1F19E29C2020FADAAE05500 /* ANU018View.swift */,
				A1A723CDB9D08DEFBD797400 /* ANU021View.swift */,
				A194C7CB2E9EAF9976413900 /* ANU023View.swift */,
				A190456D9F21D1F161B3FA00 /* ANU017View.swift */,
				A18233DF43AA004A5A97A300 /* ANU020View.swift */,
				A1C9D29AAAB6E35F7CA86800 /* ANU019View.swift */,
			);
			path = "The Trial of Anubis";
			sourceTree = "<group>";
		};
/* End PBXGroup section */

/* Begin PBXNativeTarget section */
		FE0504A62B289A4F0015CAFB /* Tales */ = {
			isa = PBXNativeTarget;
			buildConfigurationList = FE0504BA2B289A510015CAFB /* Build configuration list for PBXNativeTarget "Tales" */;
			buildPhases = (
				FE0504A32B289A4F0015CAFB /* Sources */,
				FE0504A42B289A4F0015CAFB /* Frameworks */,
				FE0504A52B289A4F0015CAFB /* Resources */,
			);
			buildRules = (
			);
			dependencies = (
			);
			name = Tales;
			productName = Tales;
			productReference = FE0504A72B289A4F0015CAFB /* Tales.app */;
			productType = "com.apple.product-type.application";
		};
/* End PBXNativeTarget section */

/* Begin PBXProject section */
		FE05049F2B289A4F0015CAFB /* Project object */ = {
			isa = PBXProject;
			attributes = {
				BuildIndependentTargetsInParallel = 1;
				LastSwiftUpdateCheck = 1500;
				LastUpgradeCheck = 1500;
				TargetAttributes = {
					FE0504A62B289A4F0015CAFB = {
						CreatedOnToolsVersion = 15.0.1;
					};
				};
			};
			buildConfigurationList = FE0504A22B289A4F0015CAFB /* Build configuration list for PBXProject "Tales" */;
			compatibilityVersion = "Xcode 14.0";
			developmentRegion = en;
			hasScannedForEncodings = 0;
			knownRegions = (
				en,
				Base,
			);
			mainGroup = FE05049E2B289A4F0015CAFB;
			productRefGroup = FE0504A82B289A4F0015CAFB /* Products */;
			projectDirPath = "";
			projectRoot = "";
			targets = (
				FE0504A62B289A4F0015CAFB /* Tales */,
			);
		};
/* End PBXProject section */

/* Begin PBXResourcesBuildPhase section */
		FE0504A52B289A4F0015CAFB /* Resources */ = {
			isa = PBXResourcesBuildPhase;
			buildActionMask = 2147483647;
			files = (
				C0A200000000000000000000 /* ANU001.png in Resources */,
				C0A200000000000000000001 /* ANU002.png in Resources */,
				C0A200000000000000000002 /* ANU003.png in Resources */,
				C0A200000000000000000003 /* ANU004.png in Resources */,
				C0A200000000000000000004 /* ANU005.png in Resources */,
				C0A200000000000000000005 /* ANU006.png in Resources */,
				C0A200000000000000000006 /* ANU007.png in Resources */,
				C0A200000000000000000007 /* ANU008.png in Resources */,
				C0A200000000000000000008 /* ANU009.png in Resources */,
				C0A200000000000000000009 /* ANU010.png in Resources */,
				C0A20000000000000000000A /* ANU011.png in Resources */,
				C0A20000000000000000000B /* ANU012.png in Resources */,
				C0A20000000000000000000C /* ANU013.png in Resources */,
				C0A20000000000000000000D /* ANU014.png in Resources */,
				C0A20000000000000000000E /* ANU015.png in Resources */,
				C0A20000000000000000000F /* ANU016.png in Resources */,
				C0A200000000000000000010 /* ANU017.png in Resources */,
				C0A200000000000000000011 /* ANU018.png in Resources */,
				C0A200000000000000000012 /* ANU019.png in Resources */,
				C0A200000000000000000013 /* ANU020.png in Resources */,
				C0A200000000000000000014 /* ANU021.png in Resources */,
				C0A200000000000000000015 /* ANU022.png in Resources */,
				C0A200000000000000000016 /* ANU023.png in Resources */,
				C0A200000000000000000017 /* ANU024.png in Resources */,
				C0A200000000000000000018 /* ANU025.png in Resources */,
				C0A200000000000000000019 /* ANU026.png in Resources */,
				C0A20000000000000000001A /* ANU027.png in Resources */,
				C0A20000000000000000001B /* ANU-Title-Screen-Art.png in Resources */,
				FE0267652B28A22F00F5C31D /* Twenty-Four.png in Resources */,
				FE02674F2B28A22F00F5C31D /* hieroglyphics_(Left).png in Resources */,
				FE02674D2B28A22F00F5C31D /* Two.png in Resources */,
				FE02674A2B28A22F00F5C31D /* Plot1.png in Resources */,
				FE0267562B28A22F00F5C31D /* Twenty-Two.png in Resources */,
				FE0267542B28A22F00F5C31D /* Fithteen.png in Resources */,
				FE02674B2B28A22F00F5C31D /* Nineteen.png in Resources */,
				FE02675F2B28A22F00F5C31D /* Six.png in Resources */,
				FE0267532B28A22F00F5C31D /* Eleven.png in Resources */,
				FE0267622B28A22F00F5C31D /* Seven.png in Resources */,
				FE0267502B28A22F00F5C31D /* Seventeen.png in Resources */,
				FE02674C2B28A22F00F5C31D /* Nine.png in Resources */,
				FE0267592B28A22F00F5C31D /* Five.png in Resources */,
				FE0267662B28A22F00F5C31D /* Plot2.png in Resources */,
				FE0267612B28A22F00F5C31D /* Four.png in Resources */,
				FE0504B22B289A510015CAFB /* Preview Assets.xcassets in Resources */,
				FE02674E2B28A22F00F5C31D /* hieroglyphics_(Right).png in Resources */,
				FE0267642B28A22F00F5C31D /* Eighteen.png in Resources */,
				FE02675A2B28A22F00F5C31D /* One.png in Resources */,
				FE0267522B28A22F00F5C31D /* Twenty.png in Resources */,
				FE0504AF2B289A510015CAFB /* Assets.xcassets in Resources */,
				FE0267632B28A22F00F5C31D /* Title-Screen-Art.png in Resources */,
				FE0267512B28A22F00F5C31D /* Eight.png in Resources */,
				FE0267572B28A22F00F5C31D /* Sixteen.png in Resources */,
				FE0267602B28A22F00F5C31D /* Twelve.png in Resources */,
				FE02675D2B28A22F00F5C31D /* Twenty-One.png in Resources */,
				FE0267552B28A22F00F5C31D /* Fourteen.png in Resources */,
				FE02675B2B28A22F00F5C31D /* Thirteen.png in Resources */,
				FE02675C2B28A22F00F5C31D /* Twenty-Five.png in Resources */,
				FE0267672B28A22F00F5C31D /* Splash_Screen_V7.png in Resources */,
				FE0267692B28A42E00F5C31D /* Icon.png in Resources */,
				FE0267582B28A22F00F5C31D /* Ten.png in Resources */,
				FE02675E2B28A22F00F5C31D /* Three.png in Resources */,
			);
			runOnlyForDeploymentPostprocessing = 0;
		};
/* End PBXResourcesBuildPhase section */

/* Begin PBXSourcesBuildPhase section */
		FE0504A32B289A4F0015CAFB /* Sources */ = {
			isa = PBXSourcesBuildPhase;
			buildActionMask = 2147483647;
			files = (
				FE02677D2B28BE0100F5C31D /* Page8View.swift in Sources */,
				FE02678B2B28C22000F5C31D /* Page15View.swift in Sources */,
				FE02678F2B28C31100F5C31D /* Page17View.swift in Sources */,
				FE02678D2B28C26D00F5C31D /* Page16View.swift in Sources */,
				FE0267912B28C3A100F5C31D /* Page18View.swift in Sources */,
				FE02679D2B28C77A00F5C31D /* Page25View.swift in Sources */,
				FE0267852B28C05400F5C31D /* Page12View.swift in Sources */,
				FE0504AD2B289A4F0015CAFB /* ContentView.swift in Sources */,
				FE9990012B289A4F0015CAFB /* StoryStyle.swift in Sources */,
				FE9990032B289A4F0015CAFB /* AppNavigationState.swift in Sources */,
				FE9990052B289A4F0015CAFB /* AdventureResetButtons.swift in Sources */,
				FEA000112B300001000001 /* AppTheme.swift in Sources */,
				FEA000122B300001000001 /* ChoiceButton.swift in Sources */,
				FEA000132B300001000001 /* MenuButton.swift in Sources */,
				FEA000142B300001000001 /* StoryPageLayout.swift in Sources */,
				FEA200002B300001000001 /* StoryEffects.swift in Sources */,
				FEA200012B300001000001 /* StoryTransitionContainer.swift in Sources */,
				FEA200022B300001000001 /* TypewriterText.swift in Sources */,
				FEA200052B300001000001 /* GameOptions.swift in Sources */,
				FEA200092B300001000001 /* OptionsView.swift in Sources */,
				FEA200072B300001000001 /* StoryOutcome.swift in Sources */,
				FEA200082B300001000001 /* ChoiceButtonStyle.swift in Sources */,
				FEA200062B300001000001 /* StoryNavigationButton.swift in Sources */,
				FE0267812B28BF0400F5C31D /* Page10View.swift in Sources */,
				FE0267932B28C46700F5C31D /* Page19View.swift in Sources */,
				FE0267992B28C6F500F5C31D /* Page22View.swift in Sources */,
				FE02679B2B28C74200F5C31D /* Page24View.swift in Sources */,
				FE0267952B28C60800F5C31D /* Page20View.swift in Sources */,
				FE02676B2B28AB1800F5C31D /* Plot1View.swift in Sources */,
				FE0267752B28BC1700F5C31D /* Page4View.swift in Sources */,
				FE0267872B28C13E00F5C31D /* Page13View.swift in Sources */,
				FE0267772B28BC9400F5C31D /* Page5View.swift in Sources */,
				FE0267972B28C66700F5C31D /* Page21View.swift in Sources */,
				FE02677F2B28BE9500F5C31D /* Page9View.swift in Sources */,
				FE0267712B28BAFB00F5C31D /* Page2View.swift in Sources */,
				FE0267892B28C1C200F5C31D /* Page14View.swift in Sources */,
				FE02676D2B28B9A300F5C31D /* Plot2View.swift in Sources */,
				FE0267832B28BFEE00F5C31D /* Page11View.swift in Sources */,
				FE0267792B28BD0500F5C31D /* Page6View.swift in Sources */,
				FE0267732B28BB8100F5C31D /* Page3View.swift in Sources */,
				FE02677B2B28BD9700F5C31D /* Page7View.swift in Sources */,
				FE38B2192B289DD8004B8919 /* TalesApp.swift in Sources */,
				FE02676F2B28BA1900F5C31D /* Page1View.swift in Sources */,
				B1824177266DD974EF00E800 /* TrialOfAnubisViews.swift in Sources */,
				B14570B320E741DB2DB39B00 /* TrialOfAnubisCore.swift in Sources */,
				B1A0E832B393A984BEF6AD00 /* AnubisLostSoulEndingView.swift in Sources */,
				B14217BD313FD7BBE178A000 /* AnubisAmmitEndingView.swift in Sources */,
				B13326785564B05098192700 /* AnubisTricksterEndingView.swift in Sources */,
				B17100459C41B5C5D6BF3300 /* AnubisTrueEndingView.swift in Sources */,
				B12C0CE4E0CE6D4F08E19600 /* AnubisRebelEndingView.swift in Sources */,
				B148C40DFD1223F25B202600 /* TrialOfAnubisEndingView.swift in Sources */,
				B17836BBFF6130BAB6C38F00 /* TrialOfAnubisStoryContent.swift in Sources */,
				B1ABCDEF0000000000000001 /* TrialOfAnubisChoiceButton.swift in Sources */,
				B183A1257817B13F883FB800 /* ANU024View.swift in Sources */,
				B17A0C70E127F6A1BEC43000 /* ANU025View.swift in Sources */,
				B1D230FD27800D461B77F600 /* ANU027View.swift in Sources */,
				B1C395A876DDABB9138A2500 /* ANU028View.swift in Sources */,
				B1AB3F831B509856354F0A00 /* ANU026View.swift in Sources */,
				B14D2781E7380414E29CBA00 /* ANU005View.swift in Sources */,
				B1D16286808150D02BE0FC00 /* ANU001View.swift in Sources */,
				B13B7B41435336BAF4404200 /* ANU007View.swift in Sources */,
				B1D3FE75688C31B014C88400 /* ANU003View.swift in Sources */,
				B1B941D7C08A3A7D79D42200 /* ANU002View.swift in Sources */,
				B1D41510D1A1A1341132CA00 /* ANU006View.swift in Sources */,
				B1E53337821B1AC0C538C700 /* ANU004View.swift in Sources */,
				B1A4CEBD303287BE806FA300 /* ANU014View.swift in Sources */,
				B1C89FDD10DDC58305917B00 /* ANU015View.swift in Sources */,
				B1BE25A8C384F0C6B10DCE00 /* ANU013View.swift in Sources */,
				B1A6436AD02E0ED45CF4F000 /* ANU010View.swift in Sources */,
				B137DEFC4E30F41DDC1D3A00 /* ANU008View.swift in Sources */,
				B12A193F8BD5922234C9DE00 /* ANU011View.swift in Sources */,
				B18852C7847BF11A22979500 /* ANU009View.swift in Sources */,
				B13FD006794D24587661E900 /* ANU012View.swift in Sources */,
				B136E995151F770B4E500E00 /* ANU016View.swift in Sources */,
				B1A56281D953304985984F00 /* ANU022View.swift in Sources */,
				B1F19E29C2020FADAAE05500 /* ANU018View.swift in Sources */,
				B1A723CDB9D08DEFBD797400 /* ANU021View.swift in Sources */,
				B194C7CB2E9EAF9976413900 /* ANU023View.swift in Sources */,
				B190456D9F21D1F161B3FA00 /* ANU017View.swift in Sources */,
				B18233DF43AA004A5A97A300 /* ANU020View.swift in Sources */,
				B1C9D29AAAB6E35F7CA86800 /* ANU019View.swift in Sources */,
			);
			runOnlyForDeploymentPostprocessing = 0;
		};
/* End PBXSourcesBuildPhase section */

/* Begin XCBuildConfiguration section */
		FE0504B82B289A510015CAFB /* Debug */ = {
			isa = XCBuildConfiguration;
			buildSettings = {
				ALWAYS_SEARCH_USER_PATHS = NO;
				ASSETCATALOG_COMPILER_GENERATE_SWIFT_ASSET_SYMBOL_EXTENSIONS = YES;
				CLANG_ANALYZER_NONNULL = YES;
				CLANG_ANALYZER_NUMBER_OBJECT_CONVERSION = YES_AGGRESSIVE;
				CLANG_CXX_LANGUAGE_STANDARD = "gnu++20";
				CLANG_ENABLE_MODULES = YES;
				CLANG_ENABLE_OBJC_ARC = YES;
				CLANG_ENABLE_OBJC_WEAK = YES;
				CLANG_WARN_BLOCK_CAPTURE_AUTORELEASING = YES;
				CLANG_WARN_BOOL_CONVERSION = YES;
				CLANG_WARN_COMMA = YES;
				CLANG_WARN_CONSTANT_CONVERSION = YES;
				CLANG_WARN_DEPRECATED_OBJC_IMPLEMENTATIONS = YES;
				CLANG_WARN_DIRECT_OBJC_ISA_USAGE = YES_ERROR;
				CLANG_WARN_DOCUMENTATION_COMMENTS = YES;
				CLANG_WARN_EMPTY_BODY = YES;
				CLANG_WARN_ENUM_CONVERSION = YES;
				CLANG_WARN_INFINITE_RECURSION = YES;
				CLANG_WARN_INT_CONVERSION = YES;
				CLANG_WARN_NON_LITERAL_NULL_CONVERSION = YES;
				CLANG_WARN_OBJC_IMPLICIT_RETAIN_SELF = YES;
				CLANG_WARN_OBJC_LITERAL_CONVERSION = YES;
				CLANG_WARN_OBJC_ROOT_CLASS = YES_ERROR;
				CLANG_WARN_QUOTED_INCLUDE_IN_FRAMEWORK_HEADER = YES;
				CLANG_WARN_RANGE_LOOP_ANALYSIS = YES;
				CLANG_WARN_STRICT_PROTOTYPES = YES;
				CLANG_WARN_SUSPICIOUS_MOVE = YES;
				CLANG_WARN_UNGUARDED_AVAILABILITY = YES_AGGRESSIVE;
				CLANG_WARN_UNREACHABLE_CODE = YES;
				CLANG_WARN__DUPLICATE_METHOD_MATCH = YES;
				COPY_PHASE_STRIP = NO;
				DEBUG_INFORMATION_FORMAT = dwarf;
				ENABLE_STRICT_OBJC_MSGSEND = YES;
				ENABLE_TESTABILITY = YES;
				ENABLE_USER_SCRIPT_SANDBOXING = YES;
				GCC_C_LANGUAGE_STANDARD = gnu17;
				GCC_DYNAMIC_NO_PIC = NO;
				GCC_NO_COMMON_BLOCKS = YES;
				GCC_OPTIMIZATION_LEVEL = 0;
				GCC_PREPROCESSOR_DEFINITIONS = (
					"DEBUG=1",
					"$(inherited)",
				);
				GCC_WARN_64_TO_32_BIT_CONVERSION = YES;
				GCC_WARN_ABOUT_RETURN_TYPE = YES_ERROR;
				GCC_WARN_UNDECLARED_SELECTOR = YES;
				GCC_WARN_UNINITIALIZED_AUTOS = YES_AGGRESSIVE;
				GCC_WARN_UNUSED_FUNCTION = YES;
				GCC_WARN_UNUSED_VARIABLE = YES;
				IPHONEOS_DEPLOYMENT_TARGET = 16.0;
				LOCALIZATION_PREFERS_STRING_CATALOGS = YES;
				MTL_ENABLE_DEBUG_INFO = INCLUDE_SOURCE;
				MTL_FAST_MATH = YES;
				ONLY_ACTIVE_ARCH = YES;
				SDKROOT = iphoneos;
				SWIFT_ACTIVE_COMPILATION_CONDITIONS = "DEBUG $(inherited)";
				SWIFT_OPTIMIZATION_LEVEL = "-Onone";
			};
			name = Debug;
		};
		FE0504B92B289A510015CAFB /* Release */ = {
			isa = XCBuildConfiguration;
			buildSettings = {
				ALWAYS_SEARCH_USER_PATHS = NO;
				ASSETCATALOG_COMPILER_GENERATE_SWIFT_ASSET_SYMBOL_EXTENSIONS = YES;
				CLANG_ANALYZER_NONNULL = YES;
				CLANG_ANALYZER_NUMBER_OBJECT_CONVERSION = YES_AGGRESSIVE;
				CLANG_CXX_LANGUAGE_STANDARD = "gnu++20";
				CLANG_ENABLE_MODULES = YES;
				CLANG_ENABLE_OBJC_ARC = YES;
				CLANG_ENABLE_OBJC_WEAK = YES;
				CLANG_WARN_BLOCK_CAPTURE_AUTORELEASING = YES;
				CLANG_WARN_BOOL_CONVERSION = YES;
				CLANG_WARN_COMMA = YES;
				CLANG_WARN_CONSTANT_CONVERSION = YES;
				CLANG_WARN_DEPRECATED_OBJC_IMPLEMENTATIONS = YES;
				CLANG_WARN_DIRECT_OBJC_ISA_USAGE = YES_ERROR;
				CLANG_WARN_DOCUMENTATION_COMMENTS = YES;
				CLANG_WARN_EMPTY_BODY = YES;
				CLANG_WARN_ENUM_CONVERSION = YES;
				CLANG_WARN_INFINITE_RECURSION = YES;
				CLANG_WARN_INT_CONVERSION = YES;
				CLANG_WARN_NON_LITERAL_NULL_CONVERSION = YES;
				CLANG_WARN_OBJC_IMPLICIT_RETAIN_SELF = YES;
				CLANG_WARN_OBJC_LITERAL_CONVERSION = YES;
				CLANG_WARN_OBJC_ROOT_CLASS = YES_ERROR;
				CLANG_WARN_QUOTED_INCLUDE_IN_FRAMEWORK_HEADER = YES;
				CLANG_WARN_RANGE_LOOP_ANALYSIS = YES;
				CLANG_WARN_STRICT_PROTOTYPES = YES;
				CLANG_WARN_SUSPICIOUS_MOVE = YES;
				CLANG_WARN_UNGUARDED_AVAILABILITY = YES_AGGRESSIVE;
				CLANG_WARN_UNREACHABLE_CODE = YES;
				CLANG_WARN__DUPLICATE_METHOD_MATCH = YES;
				COPY_PHASE_STRIP = NO;
				DEBUG_INFORMATION_FORMAT = "dwarf-with-dsym";
				ENABLE_NS_ASSERTIONS = NO;
				ENABLE_STRICT_OBJC_MSGSEND = YES;
				ENABLE_USER_SCRIPT_SANDBOXING = YES;
				GCC_C_LANGUAGE_STANDARD = gnu17;
				GCC_NO_COMMON_BLOCKS = YES;
				GCC_WARN_64_TO_32_BIT_CONVERSION = YES;
				GCC_WARN_ABOUT_RETURN_TYPE = YES_ERROR;
				GCC_WARN_UNDECLARED_SELECTOR = YES;
				GCC_WARN_UNINITIALIZED_AUTOS = YES_AGGRESSIVE;
				GCC_WARN_UNUSED_FUNCTION = YES;
				GCC_WARN_UNUSED_VARIABLE = YES;
				IPHONEOS_DEPLOYMENT_TARGET = 16.0;
				LOCALIZATION_PREFERS_STRING_CATALOGS = YES;
				MTL_ENABLE_DEBUG_INFO = NO;
				MTL_FAST_MATH = YES;
				SDKROOT = iphoneos;
				SWIFT_COMPILATION_MODE = wholemodule;
				VALIDATE_PRODUCT = YES;
			};
			name = Release;
		};
		FE0504BB2B289A510015CAFB /* Debug */ = {
			isa = XCBuildConfiguration;
			buildSettings = {
				ASSETCATALOG_COMPILER_APPICON_NAME = AppIcon;
				ASSETCATALOG_COMPILER_GLOBAL_ACCENT_COLOR_NAME = AccentColor;
				CODE_SIGN_STYLE = Automatic;
				CURRENT_PROJECT_VERSION = 1;
				DEVELOPMENT_ASSET_PATHS = "\"Tales/Preview Content\"";
				DEVELOPMENT_TEAM = 7ZAXQ2686Z;
				ENABLE_PREVIEWS = YES;
				GENERATE_INFOPLIST_FILE = YES;
				INFOPLIST_KEY_UIApplicationSceneManifest_Generation = YES;
				INFOPLIST_KEY_UIApplicationSupportsIndirectInputEvents = YES;
				INFOPLIST_KEY_UILaunchScreen_Generation = YES;
				INFOPLIST_KEY_UIRequiresFullScreen = YES;
				INFOPLIST_KEY_UISupportedInterfaceOrientations = "UIInterfaceOrientationPortrait UIInterfaceOrientationPortraitUpsideDown";
				IPHONEOS_DEPLOYMENT_TARGET = 16.0;
				LD_RUNPATH_SEARCH_PATHS = (
					"$(inherited)",
					"@executable_path/Frameworks",
				);
				MARKETING_VERSION = 1.0;
				PRODUCT_BUNDLE_IDENTIFIER = "Bryce-Cameron-Design.Tales";
				PRODUCT_NAME = "$(TARGET_NAME)";
				SWIFT_EMIT_LOC_STRINGS = YES;
				SWIFT_VERSION = 5.0;
				TARGETED_DEVICE_FAMILY = "1,2";
			};
			name = Debug;
		};
		FE0504BC2B289A510015CAFB /* Release */ = {
			isa = XCBuildConfiguration;
			buildSettings = {
				ASSETCATALOG_COMPILER_APPICON_NAME = AppIcon;
				ASSETCATALOG_COMPILER_GLOBAL_ACCENT_COLOR_NAME = AccentColor;
				CODE_SIGN_STYLE = Automatic;
				CURRENT_PROJECT_VERSION = 1;
				DEVELOPMENT_ASSET_PATHS = "\"Tales/Preview Content\"";
				DEVELOPMENT_TEAM = 7ZAXQ2686Z;
				ENABLE_PREVIEWS = YES;
				GENERATE_INFOPLIST_FILE = YES;
				INFOPLIST_KEY_UIApplicationSceneManifest_Generation = YES;
				INFOPLIST_KEY_UIApplicationSupportsIndirectInputEvents = YES;
				INFOPLIST_KEY_UILaunchScreen_Generation = YES;
				INFOPLIST_KEY_UIRequiresFullScreen = YES;
				INFOPLIST_KEY_UISupportedInterfaceOrientations = "UIInterfaceOrientationPortrait UIInterfaceOrientationPortraitUpsideDown";
				IPHONEOS_DEPLOYMENT_TARGET = 16.0;
				LD_RUNPATH_SEARCH_PATHS = (
					"$(inherited)",
					"@executable_path/Frameworks",
				);
				MARKETING_VERSION = 1.0;
				PRODUCT_BUNDLE_IDENTIFIER = "Bryce-Cameron-Design.Tales";
				PRODUCT_NAME = "$(TARGET_NAME)";
				SWIFT_EMIT_LOC_STRINGS = YES;
				SWIFT_VERSION = 5.0;
				TARGETED_DEVICE_FAMILY = "1,2";
			};
			name = Release;
		};
/* End XCBuildConfiguration section */

/* Begin XCConfigurationList section */
		FE0504A22B289A4F0015CAFB /* Build configuration list for PBXProject "Tales" */ = {
			isa = XCConfigurationList;
			buildConfigurations = (
				FE0504B82B289A510015CAFB /* Debug */,
				FE0504B92B289A510015CAFB /* Release */,
			);
			defaultConfigurationIsVisible = 0;
			defaultConfigurationName = Release;
		};
		FE0504BA2B289A510015CAFB /* Build configuration list for PBXNativeTarget "Tales" */ = {
			isa = XCConfigurationList;
			buildConfigurations = (
				FE0504BB2B289A510015CAFB /* Debug */,
				FE0504BC2B289A510015CAFB /* Release */,
			);
			defaultConfigurationIsVisible = 0;
			defaultConfigurationName = Release;
		};
/* End XCConfigurationList section */
	};
	rootObject = FE05049F2B289A4F0015CAFB /* Project object */;
}
